
Microsoft Visual Studio Solution File, Format Version 12.00
# Visual Studio Version 17
VisualStudioVersion = 17.0.32014.148
MinimumVisualStudioVersion = 10.0.40219.1
Project("{9A19103F-16F7-4668-BE54-9A1E7A4F7556}") = "Entidades", "Entidades\Entidades.csproj", "{88660B09-7BF8-453F-95A5-26433C4B5398}"
EndProject
Project("{9A19103F-16F7-4668-BE54-9A1E7A4F7556}") = "ModeloDB", "ModeloDB\ModeloDB.csproj", "{4F26896A-328A-4C54-906A-19F10C509B12}"
EndProject
Project("{9A19103F-16F7-4668-BE54-9A1E7A4F7556}") = "Consola", "Consola\Consola.csproj", "{DE1DEE82-BAF8-4F9C-9036-359DFBC047B7}"
EndProject
Project("{9A19103F-16F7-4668-BE54-9A1E7A4F7556}") = "CargaDatos", "CargaDatos\CargaDatos.csproj", "{7320B94A-85A2-4E06-916D-2422168CC66A}"
EndProject
Project("{FAE04EC0-301F-11D3-BF4B-00C04F79EFBC}") = "WebApp", "WebApp\WebApp.csproj", "{8497E0AA-D6F5-4B96-B605-D3EB45F3C0ED}"
EndProject
Global
	GlobalSection(SolutionConfigurationPlatforms) = preSolution
		Debug|Any CPU = Debug|Any CPU
		Release|Any CPU = Release|Any CPU
	EndGlobalSection
	GlobalSection(ProjectConfigurationPlatforms) = postSolution
		{88660B09-7BF8-453F-95A5-26433C4B5398}.Debug|Any CPU.ActiveCfg = Debug|Any CPU
		{88660B09-7BF8-453F-95A5-26433C4B5398}.Debug|Any CPU.Build.0 = Debug|Any CPU
		{88660B09-7BF8-453F-95A5-26433C4B5398}.Release|Any CPU.ActiveCfg = Release|Any CPU
		{88660B09-7BF8-453F-95A5-26433C4B5398}.Release|Any CPU.Build.0 = Release|Any CPU
		{4F26896A-328A-4C54-906A-19F10C509B12}.Debug|Any CPU.ActiveCfg = Debug|Any CPU
		{4F26896A-328A-4C54-906A-19F10C509B12}.Debug|Any CPU.Build.0 = Debug|Any CPU
		{4F26896A-328A-4C54-906A-19F10C509B12}.Release|Any CPU.ActiveCfg = Release|Any CPU
		{4F26896A-328A-4C54-906A-19F10C509B12}.Release|Any CPU.Build.0 = Release|Any CPU
		{DE1DEE82-BAF8-4F9C-9036-359DFBC047B7}.Debug|Any CPU.ActiveCfg = Debug|Any CPU
		{DE1DEE82-BAF8-4F9C-9036-359DFBC047B7}.Debug|Any CPU.Build.0 = Debug|Any CPU
		{DE1DEE82-BAF8-4F9C-9036-359DFBC047B7}.Release|Any CPU.ActiveCfg = Release|Any CPU
		{DE1DEE82-BAF8-4F9C-9036-359DFBC047B7}.Release|Any CPU.Build.0 = Release|Any CPU
		{7320B94A-85A2-4E06-916D-2422168CC66A}.Debug|Any CPU.ActiveCfg = Debug|Any CPU
		{7320B94A-85A2-4E06-916D-2422168CC66A}.Debug|Any CPU.Build.0 = Debug|Any CPU
		{7320B94A-85A2-4E06-916D-2422168CC66A}.Release|Any CPU.ActiveCfg = Release|Any CPU
		{7320B94A-85A2-4E06-916D-2422168CC66A}.Release|Any CPU.Build.0 = Release|Any CPU
		{8497E0AA-D6F5-4B96-B605-D3EB45F3C0ED}.Debug|Any CPU.ActiveCfg = Debug|Any CPU
		{8497E0AA-D6F5-4B96-B605-D3EB45F3C0ED}.Debug|Any CPU.Build.0 = Debug|Any CPU
		{8497E0AA-D6F5-4B96-B605-D3EB45F3C0ED}.Release|Any CPU.ActiveCfg = Release|Any CPU
		{8497E0AA-D6F5-4B96-B605-D3EB45F3C0ED}.Release|Any CPU.Build.0 = Release|Any CPU
	EndGlobalSection
	GlobalSection(SolutionProperties) = preSolution
		HideSolutionNode = FALSE
	EndGlobalSection
	GlobalSection(ExtensibilityGlobals) = postSolution
		SolutionGuid = {B62DE483-CD8E-4DCD-B467-67614593FA44}
	EndGlobalSection
EndGlobal
